{
  "name": "wxmp-rsa",
  "version": "1.0.0",
  "lockfileVersion": 1,
  "requires": true,
  "dependencies": {
    "uglify-js": {
      "version": "3.11.6",
      "resolved": "https://registry.npm.taobao.org/uglify-js/download/uglify-js-3.11.6.tgz",
      "integrity": "sha1-FEtQ0+BerdOtTdBHxgylQajNTpw=",
      "dev": true
    }
  }
}
